// !$*UTF8*$!
{
	archiveVersion = 1;
	classes = {
	};
	objectVersion = 50;
	objects = {

/* Begin PBXBuildFile section */
		1E7B55B1BF7528BDC9F73D34 /* Pods_ARFlightTests.framework in Frameworks */ = {isa = PBXBuildFile; fileRef = 03757EB2F29452C8AE6A501F /* Pods_ARFlightTests.framework */; };
		9F5600121E419CAD976E696B /* Pods_ARFlight_ARFlightUITests.framework in Frameworks */ = {isa = PBXBuildFile; fileRef = AAECEC1744CD1F2DD5CF5EEC /* Pods_ARFlight_ARFlightUITests.framework */; };
		AACB3CDEF30584BB91C894F0 /* Pods_ARFlight.framework in Frameworks */ = {isa = PBXBuildFile; fileRef = 52A7CAB421FDD1E7304954C6 /* Pods_ARFlight.framework */; };
		FB4EEB7F25E1955700B85423 /* Flight.swift in Sources */ = {isa = PBXBuildFile; fileRef = FB4EEB7E25E1955700B85423 /* Flight.swift */; };
		FB4EEB8425E195A700B85423 /* Airline.swift in Sources */ = {isa = PBXBuildFile; fileRef = FB4EEB8325E195A700B85423 /* Airline.swift */; };
		FB4EEB8925E195C400B85423 /* FlightLegs.swift in Sources */ = {isa = PBXBuildFile; fileRef = FB4EEB8825E195C400B85423 /* FlightLegs.swift */; };
		FB4EEB8E25E195C900B85423 /* Places.swift in Sources */ = {isa = PBXBuildFile; fileRef = FB4EEB8D25E195C900B85423 /* Places.swift */; };
		FB4EEB9325E1963A00B85423 /* Information.swift in Sources */ = {isa = PBXBuildFile; fileRef = FB4EEB9225E1963A00B85423 /* Information.swift */; };
		FB4EEB9825E1965700B85423 /* Airport.swift in Sources */ = {isa = PBXBuildFile; fileRef = FB4EEB9725E1965700B85423 /* Airport.swift */; };
		FB4EEB9D25E1967000B85423 /* Times.swift in Sources */ = {isa = PBXBuildFile; fileRef = FB4EEB9C25E1967000B85423 /* Times.swift */; };
		FB4EEBA225E1968700B85423 /* Location.swift in Sources */ = {isa = PBXBuildFile; fileRef = FB4EEBA125E1968700B85423 /* Location.swift */; };
		FB4EEBA725E196C300B85423 /* Aircraft.swift in Sources */ = {isa = PBXBuildFile; fileRef = FB4EEBA625E196C300B85423 /* Aircraft.swift */; };
		FB98700925E17B52000CF44A /* AppDelegate.swift in Sources */ = {isa = PBXBuildFile; fileRef = FB98700825E17B52000CF44A /* AppDelegate.swift */; };
		FB98700B25E17B52000CF44A /* SceneDelegate.swift in Sources */ = {isa = PBXBuildFile; fileRef = FB98700A25E17B52000CF44A /* SceneDelegate.swift */; };
		FB98700D25E17B52000CF44A /* ViewController.swift in Sources */ = {isa = PBXBuildFile; fileRef = FB98700C25E17B52000CF44A /* ViewController.swift */; };
		FB98701025E17B52000CF44A /* Main.storyboard in Resources */ = {isa = PBXBuildFile; fileRef = FB98700E25E17B52000CF44A /* Main.storyboard */; };
		FB98701325E17B52000CF44A /* ARFlight.xcdatamodeld in Sources */ = {isa = PBXBuildFile; fileRef = FB98701125E17B52000CF44A /* ARFlight.xcdatamodeld */; };
		FB98701525E17B57000CF44A /* Assets.xcassets in Resources */ = {isa = PBXBuildFile; fileRef = FB98701425E17B57000CF44A /* Assets.xcassets */; };
		FB98701825E17B57000CF44A /* LaunchScreen.storyboard in Resources */ = {isa = PBXBuildFile; fileRef = FB98701625E17B57000CF44A /* LaunchScreen.storyboard */; };
		FB98702325E17B57000CF44A /* ARFlightTests.swift in Sources */ = {isa = PBXBuildFile; fileRef = FB98702225E17B57000CF44A /* ARFlightTests.swift */; };
		FB98702E25E17B57000CF44A /* ARFlightUITests.swift in Sources */ = {isa = PBXBuildFile; fileRef = FB98702D25E17B57000CF44A /* ARFlightUITests.swift */; };
/* End PBXBuildFile section */

/* Begin PBXContainerItemProxy section */
		FB98701F25E17B57000CF44A /* PBXContainerItemProxy */ = {
			isa = PBXContainerItemProxy;
			containerPortal = FB986FFD25E17B52000CF44A /* Project object */;
			proxyType = 1;
			remoteGlobalIDString = FB98700425E17B52000CF44A;
			remoteInfo = ARFlight;
		};
		FB98702A25E17B57000CF44A /* PBXContainerItemProxy */ = {
			isa = PBXContainerItemProxy;
			containerPortal = FB986FFD25E17B52000CF44A /* Project object */;
			proxyType = 1;
			remoteGlobalIDString = FB98700425E17B52000CF44A;
			remoteInfo = ARFlight;
		};
/* End PBXContainerItemProxy section */

/* Begin PBXFileReference section */
		03757EB2F29452C8AE6A501F /* Pods_ARFlightTests.framework */ = {isa = PBXFileReference; explicitFileType = wrapper.framework; includeInIndex = 0; path = Pods_ARFlightTests.framework; sourceTree = BUILT_PRODUCTS_DIR; };
		04BE31A3303ED64ED8DF130C /* Pods-ARFlight.release.xcconfig */ = {isa = PBXFileReference; includeInIndex = 1; lastKnownFileType = text.xcconfig; name = "Pods-ARFlight.release.xcconfig"; path = "Target Support Files/Pods-ARFlight/Pods-ARFlight.release.xcconfig"; sourceTree = "<group>"; };
		52A7CAB421FDD1E7304954C6 /* Pods_ARFlight.framework */ = {isa = PBXFileReference; explicitFileType = wrapper.framework; includeInIndex = 0; path = Pods_ARFlight.framework; sourceTree = BUILT_PRODUCTS_DIR; };
		9D5A33196C1890E6C98F8482 /* Pods-ARFlightTests.release.xcconfig */ = {isa = PBXFileReference; includeInIndex = 1; lastKnownFileType = text.xcconfig; name = "Pods-ARFlightTests.release.xcconfig"; path = "Target Support Files/Pods-ARFlightTests/Pods-ARFlightTests.release.xcconfig"; sourceTree = "<group>"; };
		A73F904F43C3B276888913F5 /* Pods-ARFlightTests.debug.xcconfig */ = {isa = PBXFileReference; includeInIndex = 1; lastKnownFileType = text.xcconfig; name = "Pods-ARFlightTests.debug.xcconfig"; path = "Target Support Files/Pods-ARFlightTests/Pods-ARFlightTests.debug.xcconfig"; sourceTree = "<group>"; };
		AAECEC1744CD1F2DD5CF5EEC /* Pods_ARFlight_ARFlightUITests.framework */ = {isa = PBXFileReference; explicitFileType = wrapper.framework; includeInIndex = 0; path = Pods_ARFlight_ARFlightUITests.framework; sourceTree = BUILT_PRODUCTS_DIR; };
		B1079DDA915EAAE0CA662F2E /* Pods-ARFlight-ARFlightUITests.debug.xcconfig */ = {isa = PBXFileReference; includeInIndex = 1; lastKnownFileType = text.xcconfig; name = "Pods-ARFlight-ARFlightUITests.debug.xcconfig"; path = "Target Support Files/Pods-ARFlight-ARFlightUITests/Pods-ARFlight-ARFlightUITests.debug.xcconfig"; sourceTree = "<group>"; };
		DE7C804CFCC8F24299375150 /* Pods-ARFlight-ARFlightUITests.release.xcconfig */ = {isa = PBXFileReference; includeInIndex = 1; lastKnownFileType = text.xcconfig; name = "Pods-ARFlight-ARFlightUITests.release.xcconfig"; path = "Target Support Files/Pods-ARFlight-ARFlightUITests/Pods-ARFlight-ARFlightUITests.release.xcconfig"; sourceTree = "<group>"; };
		F22FE2B59E0499A1427D25D9 /* Pods-ARFlight.debug.xcconfig */ = {isa = PBXFileReference; includeInIndex = 1; lastKnownFileType = text.xcconfig; name = "Pods-ARFlight.debug.xcconfig"; path = "Target Support Files/Pods-ARFlight/Pods-ARFlight.debug.xcconfig"; sourceTree = "<group>"; };
		FB4EEB7E25E1955700B85423 /* Flight.swift */ = {isa = PBXFileReference; lastKnownFileType = sourcecode.swift; path = Flight.swift; sourceTree = "<group>"; };
		FB4EEB8325E195A700B85423 /* Airline.swift */ = {isa = PBXFileReference; fileEncoding = 4; lastKnownFileType = sourcecode.swift; path = Airline.swift; sourceTree = "<group>"; };
		FB4EEB8825E195C400B85423 /* FlightLegs.swift */ = {isa = PBXFileReference; fileEncoding = 4; lastKnownFileType = sourcecode.swift; path = FlightLegs.swift; sourceTree = "<group>"; };
		FB4EEB8D25E195C900B85423 /* Places.swift */ = {isa = PBXFileReference; fileEncoding = 4; lastKnownFileType = sourcecode.swift; path = Places.swift; sourceTree = "<group>"; };
		FB4EEB9225E1963A00B85423 /* Information.swift */ = {isa = PBXFileReference; lastKnownFileType = sourcecode.swift; path = Information.swift; sourceTree = "<group>"; };
		FB4EEB9725E1965700B85423 /* Airport.swift */ = {isa = PBXFileReference; lastKnownFileType = sourcecode.swift; path = Airport.swift; sourceTree = "<group>"; };
		FB4EEB9C25E1967000B85423 /* Times.swift */ = {isa = PBXFileReference; lastKnownFileType = sourcecode.swift; path = Times.swift; sourceTree = "<group>"; };
		FB4EEBA125E1968700B85423 /* Location.swift */ = {isa = PBXFileReference; lastKnownFileType = sourcecode.swift; path = Location.swift; sourceTree = "<group>"; };
		FB4EEBA625E196C300B85423 /* Aircraft.swift */ = {isa = PBXFileReference; lastKnownFileType = sourcecode.swift; path = Aircraft.swift; sourceTree = "<group>"; };
		FB98700525E17B52000CF44A /* ARFlight.app */ = {isa = PBXFileReference; explicitFileType = wrapper.application; includeInIndex = 0; path = ARFlight.app; sourceTree = BUILT_PRODUCTS_DIR; };
		FB98700825E17B52000CF44A /* AppDelegate.swift */ = {isa = PBXFileReference; lastKnownFileType = sourcecode.swift; path = AppDelegate.swift; sourceTree = "<group>"; };
		FB98700A25E17B52000CF44A /* SceneDelegate.swift */ = {isa = PBXFileReference; lastKnownFileType = sourcecode.swift; path = SceneDelegate.swift; sourceTree = "<group>"; };
		FB98700C25E17B52000CF44A /* ViewController.swift */ = {isa = PBXFileReference; lastKnownFileType = sourcecode.swift; path = ViewController.swift; sourceTree = "<group>"; };
		FB98700F25E17B52000CF44A /* Base */ = {isa = PBXFileReference; lastKnownFileType = file.storyboard; name = Base; path = Base.lproj/Main.storyboard; sourceTree = "<group>"; };
		FB98701225E17B52000CF44A /* ARFlight.xcdatamodel */ = {isa = PBXFileReference; lastKnownFileType = wrapper.xcdatamodel; path = ARFlight.xcdatamodel; sourceTree = "<group>"; };
		FB98701425E17B57000CF44A /* Assets.xcassets */ = {isa = PBXFileReference; lastKnownFileType = folder.assetcatalog; path = Assets.xcassets; sourceTree = "<group>"; };
		FB98701725E17B57000CF44A /* Base */ = {isa = PBXFileReference; lastKnownFileType = file.storyboard; name = Base; path = Base.lproj/LaunchScreen.storyboard; sourceTree = "<group>"; };
		FB98701925E17B57000CF44A /* Info.plist */ = {isa = PBXFileReference; lastKnownFileType = text.plist.xml; path = Info.plist; sourceTree = "<group>"; };
		FB98701E25E17B57000CF44A /* ARFlightTests.xctest */ = {isa = PBXFileReference; explicitFileType = wrapper.cfbundle; includeInIndex = 0; path = ARFlightTests.xctest; sourceTree = BUILT_PRODUCTS_DIR; };
		FB98702225E17B57000CF44A /* ARFlightTests.swift */ = {isa = PBXFileReference; lastKnownFileType = sourcecode.swift; path = ARFlightTests.swift; sourceTree = "<group>"; };
		FB98702425E17B57000CF44A /* Info.plist */ = {isa = PBXFileReference; lastKnownFileType = text.plist.xml; path = Info.plist; sourceTree = "<group>"; };
		FB98702925E17B57000CF44A /* ARFlightUITests.xctest */ = {isa = PBXFileReference; explicitFileType = wrapper.cfbundle; includeInIndex = 0; path = ARFlightUITests.xctest; sourceTree = BUILT_PRODUCTS_DIR; };
		FB98702D25E17B57000CF44A /* ARFlightUITests.swift */ = {isa = PBXFileReference; lastKnownFileType = sourcecode.swift; path = ARFlightUITests.swift; sourceTree = "<group>"; };
		FB98702F25E17B57000CF44A /* Info.plist */ = {isa = PBXFileReference; lastKnownFileType = text.plist.xml; path = Info.plist; sourceTree = "<group>"; };
/* End PBXFileReference section */

/* Begin PBXFrameworksBuildPhase section */
		FB98700225E17B52000CF44A /* Frameworks */ = {
			isa = PBXFrameworksBuildPhase;
			buildActionMask = 2147483647;
			files = (
				AACB3CDEF30584BB91C894F0 /* Pods_ARFlight.framework in Frameworks */,
			);
			runOnlyForDeploymentPostprocessing = 0;
		};
		FB98701B25E17B57000CF44A /* Frameworks */ = {
			isa = PBXFrameworksBuildPhase;
			buildActionMask = 2147483647;
			files = (
				1E7B55B1BF7528BDC9F73D34 /* Pods_ARFlightTests.framework in Frameworks */,
			);
			runOnlyForDeploymentPostprocessing = 0;
		};
		FB98702625E17B57000CF44A /* Frameworks */ = {
			isa = PBXFrameworksBuildPhase;
			buildActionMask = 2147483647;
			files = (
				9F5600121E419CAD976E696B /* Pods_ARFlight_ARFlightUITests.framework in Frameworks */,
			);
			runOnlyForDeploymentPostprocessing = 0;
		};
/* End PBXFrameworksBuildPhase section */

/* Begin PBXGroup section */
		05B1DC24194CAC16F8A4EFA2 /* Frameworks */ = {
			isa = PBXGroup;
			children = (
				52A7CAB421FDD1E7304954C6 /* Pods_ARFlight.framework */,
				AAECEC1744CD1F2DD5CF5EEC /* Pods_ARFlight_ARFlightUITests.framework */,
				03757EB2F29452C8AE6A501F /* Pods_ARFlightTests.framework */,
			);
			name = Frameworks;
			sourceTree = "<group>";
		};
		C58162B667BD7846323F3A29 /* Pods */ = {
			isa = PBXGroup;
			children = (
				F22FE2B59E0499A1427D25D9 /* Pods-ARFlight.debug.xcconfig */,
				04BE31A3303ED64ED8DF130C /* Pods-ARFlight.release.xcconfig */,
				B1079DDA915EAAE0CA662F2E /* Pods-ARFlight-ARFlightUITests.debug.xcconfig */,
				DE7C804CFCC8F24299375150 /* Pods-ARFlight-ARFlightUITests.release.xcconfig */,
				A73F904F43C3B276888913F5 /* Pods-ARFlightTests.debug.xcconfig */,
				9D5A33196C1890E6C98F8482 /* Pods-ARFlightTests.release.xcconfig */,
			);
			path = Pods;
			sourceTree = "<group>";
		};
		FB4EEB4025E17E3B00B85423 /* Database */ = {
			isa = PBXGroup;
			children = (
			);
			path = Database;
			sourceTree = "<group>";
		};
		FB4EEB4125E17E4800B85423 /* Extension */ = {
			isa = PBXGroup;
			children = (
			);
			path = Extension;
			sourceTree = "<group>";
		};
		FB4EEB4225E17E5200B85423 /* Utilities */ = {
			isa = PBXGroup;
			children = (
				FB98700E25E17B52000CF44A /* Main.storyboard */,
			);
			path = Utilities;
			sourceTree = "<group>";
		};
		FB4EEB4325E17E5F00B85423 /* Ressources */ = {
			isa = PBXGroup;
			children = (
				FB98701425E17B57000CF44A /* Assets.xcassets */,
			);
			path = Ressources;
			sourceTree = "<group>";
		};
		FB4EEB4425E17E6A00B85423 /* Supporting Files */ = {
			isa = PBXGroup;
			children = (
				FB98700825E17B52000CF44A /* AppDelegate.swift */,
				FB98700A25E17B52000CF44A /* SceneDelegate.swift */,
				FB98701625E17B57000CF44A /* LaunchScreen.storyboard */,
			);
			path = "Supporting Files";
			sourceTree = "<group>";
		};
		FB4EEB4525E17E8C00B85423 /* Model */ = {
			isa = PBXGroup;
			children = (
				FB98701125E17B52000CF44A /* ARFlight.xcdatamodeld */,
				FB4EEB7E25E1955700B85423 /* Flight.swift */,
				FB4EEB8325E195A700B85423 /* Airline.swift */,
				FB4EEB8825E195C400B85423 /* FlightLegs.swift */,
				FB4EEB8D25E195C900B85423 /* Places.swift */,
				FB4EEB9225E1963A00B85423 /* Information.swift */,
				FB4EEB9C25E1967000B85423 /* Times.swift */,
				FB4EEBA125E1968700B85423 /* Location.swift */,
				FB4EEBA625E196C300B85423 /* Aircraft.swift */,
				FB4EEB9725E1965700B85423 /* Airport.swift */,
			);
			path = Model;
			sourceTree = "<group>";
		};
		FB4EEB4625E17E9500B85423 /* Networking */ = {
			isa = PBXGroup;
			children = (
			);
			path = Networking;
			sourceTree = "<group>";
		};
		FB4EEB4725E17EA100B85423 /* Controller */ = {
			isa = PBXGroup;
			children = (
				FB98700C25E17B52000CF44A /* ViewController.swift */,
			);
			path = Controller;
			sourceTree = "<group>";
		};
		FB4EEB4825E17EAD00B85423 /* View */ = {
			isa = PBXGroup;
			children = (
			);
			path = View;
			sourceTree = "<group>";
		};
		FB986FFC25E17B52000CF44A = {
			isa = PBXGroup;
			children = (
				FB98700725E17B52000CF44A /* ARFlight */,
				FB98702125E17B57000CF44A /* ARFlightTests */,
				FB98702C25E17B57000CF44A /* ARFlightUITests */,
				FB98700625E17B52000CF44A /* Products */,
				C58162B667BD7846323F3A29 /* Pods */,
				05B1DC24194CAC16F8A4EFA2 /* Frameworks */,
			);
			sourceTree = "<group>";
		};
		FB98700625E17B52000CF44A /* Products */ = {
			isa = PBXGroup;
			children = (
				FB98700525E17B52000CF44A /* ARFlight.app */,
				FB98701E25E17B57000CF44A /* ARFlightTests.xctest */,
				FB98702925E17B57000CF44A /* ARFlightUITests.xctest */,
			);
			name = Products;
			sourceTree = "<group>";
		};
		FB98700725E17B52000CF44A /* ARFlight */ = {
			isa = PBXGroup;
			children = (
				FB4EEB4725E17EA100B85423 /* Controller */,
				FB4EEB4025E17E3B00B85423 /* Database */,
				FB4EEB4125E17E4800B85423 /* Extension */,
				FB4EEB4525E17E8C00B85423 /* Model */,
				FB4EEB4625E17E9500B85423 /* Networking */,
				FB4EEB4325E17E5F00B85423 /* Ressources */,
				FB4EEB4425E17E6A00B85423 /* Supporting Files */,
				FB4EEB4225E17E5200B85423 /* Utilities */,
				FB4EEB4825E17EAD00B85423 /* View */,
				FB98701925E17B57000CF44A /* Info.plist */,
			);
			path = ARFlight;
			sourceTree = "<group>";
		};
		FB98702125E17B57000CF44A /* ARFlightTests */ = {
			isa = PBXGroup;
			children = (
				FB98702225E17B57000CF44A /* ARFlightTests.swift */,
				FB98702425E17B57000CF44A /* Info.plist */,
			);
			path = ARFlightTests;
			sourceTree = "<group>";
		};
		FB98702C25E17B57000CF44A /* ARFlightUITests */ = {
			isa = PBXGroup;
			children = (
				FB98702D25E17B57000CF44A /* ARFlightUITests.swift */,
				FB98702F25E17B57000CF44A /* Info.plist */,
			);
			path = ARFlightUITests;
			sourceTree = "<group>";
		};
/* End PBXGroup section */

/* Begin PBXNativeTarget section */
		FB98700425E17B52000CF44A /* ARFlight */ = {
			isa = PBXNativeTarget;
			buildConfigurationList = FB98703225E17B57000CF44A /* Build configuration list for PBXNativeTarget "ARFlight" */;
			buildPhases = (
				0C005D0F5A84F7FFE659F53C /* [CP] Check Pods Manifest.lock */,
				FB98700125E17B52000CF44A /* Sources */,
				FB98700225E17B52000CF44A /* Frameworks */,
				FB98700325E17B52000CF44A /* Resources */,
			);
			buildRules = (
			);
			dependencies = (
			);
			name = ARFlight;
			productName = ARFlight;
			productReference = FB98700525E17B52000CF44A /* ARFlight.app */;
			productType = "com.apple.product-type.application";
		};
		FB98701D25E17B57000CF44A /* ARFlightTests */ = {
			isa = PBXNativeTarget;
			buildConfigurationList = FB98703525E17B57000CF44A /* Build configuration list for PBXNativeTarget "ARFlightTests" */;
			buildPhases = (
				730AC43966B8290C05277D8B /* [CP] Check Pods Manifest.lock */,
				FB98701A25E17B57000CF44A /* Sources */,
				FB98701B25E17B57000CF44A /* Frameworks */,
				FB98701C25E17B57000CF44A /* Resources */,
			);
			buildRules = (
			);
			dependencies = (
				FB98702025E17B57000CF44A /* PBXTargetDependency */,
			);
			name = ARFlightTests;
			productName = ARFlightTests;
			productReference = FB98701E25E17B57000CF44A /* ARFlightTests.xctest */;
			productType = "com.apple.product-type.bundle.unit-test";
		};
		FB98702825E17B57000CF44A /* ARFlightUITests */ = {
			isa = PBXNativeTarget;
			buildConfigurationList = FB98703825E17B57000CF44A /* Build configuration list for PBXNativeTarget "ARFlightUITests" */;
			buildPhases = (
				F18AF9EB5592ED4C111EF0EF /* [CP] Check Pods Manifest.lock */,
				FB98702525E17B57000CF44A /* Sources */,
				FB98702625E17B57000CF44A /* Frameworks */,
				FB98702725E17B57000CF44A /* Resources */,
			);
			buildRules = (
			);
			dependencies = (
				FB98702B25E17B57000CF44A /* PBXTargetDependency */,
			);
			name = ARFlightUITests;
			productName = ARFlightUITests;
			productReference = FB98702925E17B57000CF44A /* ARFlightUITests.xctest */;
			productType = "com.apple.product-type.bundle.ui-testing";
		};
/* End PBXNativeTarget section */

/* Begin PBXProject section */
		FB986FFD25E17B52000CF44A /* Project object */ = {
			isa = PBXProject;
			attributes = {
				LastSwiftUpdateCheck = 1230;
				LastUpgradeCheck = 1230;
				TargetAttributes = {
					FB98700425E17B52000CF44A = {
						CreatedOnToolsVersion = 12.3;
					};
					FB98701D25E17B57000CF44A = {
						CreatedOnToolsVersion = 12.3;
						TestTargetID = FB98700425E17B52000CF44A;
					};
					FB98702825E17B57000CF44A = {
						CreatedOnToolsVersion = 12.3;
						TestTargetID = FB98700425E17B52000CF44A;
					};
				};
			};
			buildConfigurationList = FB98700025E17B52000CF44A /* Build configuration list for PBXProject "ARFlight" */;
			compatibilityVersion = "Xcode 9.3";
			developmentRegion = en;
			hasScannedForEncodings = 0;
			knownRegions = (
				en,
				Base,
			);
			mainGroup = FB986FFC25E17B52000CF44A;
			productRefGroup = FB98700625E17B52000CF44A /* Products */;
			projectDirPath = "";
			projectRoot = "";
			targets = (
				FB98700425E17B52000CF44A /* ARFlight */,
				FB98701D25E17B57000CF44A /* ARFlightTests */,
				FB98702825E17B57000CF44A /* ARFlightUITests */,
			);
		};
/* End PBXProject section */

/* Begin PBXResourcesBuildPhase section */
		FB98700325E17B52000CF44A /* Resources */ = {
			isa = PBXResourcesBuildPhase;
			buildActionMask = 2147483647;
			files = (
				FB98701825E17B57000CF44A /* LaunchScreen.storyboard in Resources */,
				FB98701525E17B57000CF44A /* Assets.xcassets in Resources */,
				FB98701025E17B52000CF44A /* Main.storyboard in Resources */,
			);
			runOnlyForDeploymentPostprocessing = 0;
		};
		FB98701C25E17B57000CF44A /* Resources */ = {
			isa = PBXResourcesBuildPhase;
			buildActionMask = 2147483647;
			files = (
			);
			runOnlyForDeploymentPostprocessing = 0;
		};
		FB98702725E17B57000CF44A /* Resources */ = {
			isa = PBXResourcesBuildPhase;
			buildActionMask = 2147483647;
			files = (
			);
			runOnlyForDeploymentPostprocessing = 0;
		};
/* End PBXResourcesBuildPhase section */

/* Begin PBXShellScriptBuildPhase section */
		0C005D0F5A84F7FFE659F53C /* [CP] Check Pods Manifest.lock */ = {
			isa = PBXShellScriptBuildPhase;
			buildActionMask = 2147483647;
			files = (
			);
			inputFileListPaths = (
			);
			inputPaths = (
				"${PODS_PODFILE_DIR_PATH}/Podfile.lock",
				"${PODS_ROOT}/Manifest.lock",
			);
			name = "[CP] Check Pods Manifest.lock";
			outputFileListPaths = (
			);
			outputPaths = (
				"$(DERIVED_FILE_DIR)/Pods-ARFlight-checkManifestLockResult.txt",
			);
			runOnlyForDeploymentPostprocessing = 0;
			shellPath = /bin/sh;
			shellScript = "diff \"${PODS_PODFILE_DIR_PATH}/Podfile.lock\" \"${PODS_ROOT}/Manifest.lock\" > /dev/null\nif [ $? != 0 ] ; then\n    # print error to STDERR\n    echo \"error: The sandbox is not in sync with the Podfile.lock. Run 'pod install' or update your CocoaPods installation.\" >&2\n    exit 1\nfi\n# This output is used by Xcode 'outputs' to avoid re-running this script phase.\necho \"SUCCESS\" > \"${SCRIPT_OUTPUT_FILE_0}\"\n";
			showEnvVarsInLog = 0;
		};
		730AC43966B8290C05277D8B /* [CP] Check Pods Manifest.lock */ = {
			isa = PBXShellScriptBuildPhase;
			buildActionMask = 2147483647;
			files = (
			);
			inputFileListPaths = (
			);
			inputPaths = (
				"${PODS_PODFILE_DIR_PATH}/Podfile.lock",
				"${PODS_ROOT}/Manifest.lock",
			);
			name = "[CP] Check Pods Manifest.lock";
			outputFileListPaths = (
			);
			outputPaths = (
				"$(DERIVED_FILE_DIR)/Pods-ARFlightTests-checkManifestLockResult.txt",
			);
			runOnlyForDeploymentPostprocessing = 0;
			shellPath = /bin/sh;
			shellScript = "diff \"${PODS_PODFILE_DIR_PATH}/Podfile.lock\" \"${PODS_ROOT}/Manifest.lock\" > /dev/null\nif [ $? != 0 ] ; then\n    # print error to STDERR\n    echo \"error: The sandbox is not in sync with the Podfile.lock. Run 'pod install' or update your CocoaPods installation.\" >&2\n    exit 1\nfi\n# This output is used by Xcode 'outputs' to avoid re-running this script phase.\necho \"SUCCESS\" > \"${SCRIPT_OUTPUT_FILE_0}\"\n";
			showEnvVarsInLog = 0;
		};
		F18AF9EB5592ED4C111EF0EF /* [CP] Check Pods Manifest.lock */ = {
			isa = PBXShellScriptBuildPhase;
			buildActionMask = 2147483647;
			files = (
			);
			inputFileListPaths = (
			);
			inputPaths = (
				"${PODS_PODFILE_DIR_PATH}/Podfile.lock",
				"${PODS_ROOT}/Manifest.lock",
			);
			name = "[CP] Check Pods Manifest.lock";
			outputFileListPaths = (
			);
			outputPaths = (
				"$(DERIVED_FILE_DIR)/Pods-ARFlight-ARFlightUITests-checkManifestLockResult.txt",
			);
			runOnlyForDeploymentPostprocessing = 0;
			shellPath = /bin/sh;
			shellScript = "diff \"${PODS_PODFILE_DIR_PATH}/Podfile.lock\" \"${PODS_ROOT}/Manifest.lock\" > /dev/null\nif [ $? != 0 ] ; then\n    # print error to STDERR\n    echo \"error: The sandbox is not in sync with the Podfile.lock. Run 'pod install' or update your CocoaPods installation.\" >&2\n    exit 1\nfi\n# This output is used by Xcode 'outputs' to avoid re-running this script phase.\necho \"SUCCESS\" > \"${SCRIPT_OUTPUT_FILE_0}\"\n";
			showEnvVarsInLog = 0;
		};
/* End PBXShellScriptBuildPhase section */

/* Begin PBXSourcesBuildPhase section */
		FB98700125E17B52000CF44A /* Sources */ = {
			isa = PBXSourcesBuildPhase;
			buildActionMask = 2147483647;
			files = (
				FB4EEBA725E196C300B85423 /* Aircraft.swift in Sources */,
				FB4EEB9325E1963A00B85423 /* Information.swift in Sources */,
				FB4EEB8425E195A700B85423 /* Airline.swift in Sources */,
				FB98700D25E17B52000CF44A /* ViewController.swift in Sources */,
				FB98700925E17B52000CF44A /* AppDelegate.swift in Sources */,
				FB98701325E17B52000CF44A /* ARFlight.xcdatamodeld in Sources */,
				FB4EEB9825E1965700B85423 /* Airport.swift in Sources */,
				FB4EEB8925E195C400B85423 /* FlightLegs.swift in Sources */,
				FB4EEB7F25E1955700B85423 /* Flight.swift in Sources */,
				FB98700B25E17B52000CF44A /* SceneDelegate.swift in Sources */,
				FB4EEB8E25E195C900B85423 /* Places.swift in Sources */,
				FB4EEBA225E1968700B85423 /* Location.swift in Sources */,
				FB4EEB9D25E1967000B85423 /* Times.swift in Sources */,
			);
			runOnlyForDeploymentPostprocessing = 0;
		};
		FB98701A25E17B57000CF44A /* Sources */ = {
			isa = PBXSourcesBuildPhase;
			buildActionMask = 2147483647;
			files = (
				FB98702325E17B57000CF44A /* ARFlightTests.swift in Sources */,
			);
			runOnlyForDeploymentPostprocessing = 0;
		};
		FB98702525E17B57000CF44A /* Sources */ = {
			isa = PBXSourcesBuildPhase;
			buildActionMask = 2147483647;
			files = (
				FB98702E25E17B57000CF44A /* ARFlightUITests.swift in Sources */,
			);
			runOnlyForDeploymentPostprocessing = 0;
		};
/* End PBXSourcesBuildPhase section */

/* Begin PBXTargetDependency section */
		FB98702025E17B57000CF44A /* PBXTargetDependency */ = {
			isa = PBXTargetDependency;
			target = FB98700425E17B52000CF44A /* ARFlight */;
			targetProxy = FB98701F25E17B57000CF44A /* PBXContainerItemProxy */;
		};
		FB98702B25E17B57000CF44A /* PBXTargetDependency */ = {
			isa = PBXTargetDependency;
			target = FB98700425E17B52000CF44A /* ARFlight */;
			targetProxy = FB98702A25E17B57000CF44A /* PBXContainerItemProxy */;
		};
/* End PBXTargetDependency section */

/* Begin PBXVariantGroup section */
		FB98700E25E17B52000CF44A /* Main.storyboard */ = {
			isa = PBXVariantGroup;
			children = (
				FB98700F25E17B52000CF44A /* Base */,
			);
			name = Main.storyboard;
			sourceTree = "<group>";
		};
		FB98701625E17B57000CF44A /* LaunchScreen.storyboard */ = {
			isa = PBXVariantGroup;
			children = (
				FB98701725E17B57000CF44A /* Base */,
			);
			name = LaunchScreen.storyboard;
			sourceTree = "<group>";
		};
/* End PBXVariantGroup section */

/* Begin XCBuildConfiguration section */
		FB98703025E17B57000CF44A /* Debug */ = {
			isa = XCBuildConfiguration;
			buildSettings = {
				ALWAYS_SEARCH_USER_PATHS = NO;
				CLANG_ANALYZER_NONNULL = YES;
				CLANG_ANALYZER_NUMBER_OBJECT_CONVERSION = YES_AGGRESSIVE;
				CLANG_CXX_LANGUAGE_STANDARD = "gnu++14";
				CLANG_CXX_LIBRARY = "libc++";
				CLANG_ENABLE_MODULES = YES;
				CLANG_ENABLE_OBJC_ARC = YES;
				CLANG_ENABLE_OBJC_WEAK = YES;
				CLANG_WARN_BLOCK_CAPTURE_AUTORELEASING = YES;
				CLANG_WARN_BOOL_CONVERSION = YES;
				CLANG_WARN_COMMA = YES;
				CLANG_WARN_CONSTANT_CONVERSION = YES;
				CLANG_WARN_DEPRECATED_OBJC_IMPLEMENTATIONS = YES;
				CLANG_WARN_DIRECT_OBJC_ISA_USAGE = YES_ERROR;
				CLANG_WARN_DOCUMENTATION_COMMENTS = YES;
				CLANG_WARN_EMPTY_BODY = YES;
				CLANG_WARN_ENUM_CONVERSION = YES;
				CLANG_WARN_INFINITE_RECURSION = YES;
				CLANG_WARN_INT_CONVERSION = YES;
				CLANG_WARN_NON_LITERAL_NULL_CONVERSION = YES;
				CLANG_WARN_OBJC_IMPLICIT_RETAIN_SELF = YES;
				CLANG_WARN_OBJC_LITERAL_CONVERSION = YES;
				CLANG_WARN_OBJC_ROOT_CLASS = YES_ERROR;
				CLANG_WARN_QUOTED_INCLUDE_IN_FRAMEWORK_HEADER = YES;
				CLANG_WARN_RANGE_LOOP_ANALYSIS = YES;
				CLANG_WARN_STRICT_PROTOTYPES = YES;
				CLANG_WARN_SUSPICIOUS_MOVE = YES;
				CLANG_WARN_UNGUARDED_AVAILABILITY = YES_AGGRESSIVE;
				CLANG_WARN_UNREACHABLE_CODE = YES;
				CLANG_WARN__DUPLICATE_METHOD_MATCH = YES;
				COPY_PHASE_STRIP = NO;
				DEBUG_INFORMATION_FORMAT = dwarf;
				ENABLE_STRICT_OBJC_MSGSEND = YES;
				ENABLE_TESTABILITY = YES;
				GCC_C_LANGUAGE_STANDARD = gnu11;
				GCC_DYNAMIC_NO_PIC = NO;
				GCC_NO_COMMON_BLOCKS = YES;
				GCC_OPTIMIZATION_LEVEL = 0;
				GCC_PREPROCESSOR_DEFINITIONS = (
					"DEBUG=1",
					"$(inherited)",
				);
				GCC_WARN_64_TO_32_BIT_CONVERSION = YES;
				GCC_WARN_ABOUT_RETURN_TYPE = YES_ERROR;
				GCC_WARN_UNDECLARED_SELECTOR = YES;
				GCC_WARN_UNINITIALIZED_AUTOS = YES_AGGRESSIVE;
				GCC_WARN_UNUSED_FUNCTION = YES;
				GCC_WARN_UNUSED_VARIABLE = YES;
				IPHONEOS_DEPLOYMENT_TARGET = 14.3;
				MTL_ENABLE_DEBUG_INFO = INCLUDE_SOURCE;
				MTL_FAST_MATH = YES;
				ONLY_ACTIVE_ARCH = YES;
				SDKROOT = iphoneos;
				SWIFT_ACTIVE_COMPILATION_CONDITIONS = DEBUG;
				SWIFT_OPTIMIZATION_LEVEL = "-Onone";
			};
			name = Debug;
		};
		FB98703125E17B57000CF44A /* Release */ = {
			isa = XCBuildConfiguration;
			buildSettings = {
				ALWAYS_SEARCH_USER_PATHS = NO;
				CLANG_ANALYZER_NONNULL = YES;
				CLANG_ANALYZER_NUMBER_OBJECT_CONVERSION = YES_AGGRESSIVE;
				CLANG_CXX_LANGUAGE_STANDARD = "gnu++14";
				CLANG_CXX_LIBRARY = "libc++";
				CLANG_ENABLE_MODULES = YES;
				CLANG_ENABLE_OBJC_ARC = YES;
				CLANG_ENABLE_OBJC_WEAK = YES;
				CLANG_WARN_BLOCK_CAPTURE_AUTORELEASING = YES;
				CLANG_WARN_BOOL_CONVERSION = YES;
				CLANG_WARN_COMMA = YES;
				CLANG_WARN_CONSTANT_CONVERSION = YES;
				CLANG_WARN_DEPRECATED_OBJC_IMPLEMENTATIONS = YES;
				CLANG_WARN_DIRECT_OBJC_ISA_USAGE = YES_ERROR;
				CLANG_WARN_DOCUMENTATION_COMMENTS = YES;
				CLANG_WARN_EMPTY_BODY = YES;
				CLANG_WARN_ENUM_CONVERSION = YES;
				CLANG_WARN_INFINITE_RECURSION = YES;
				CLANG_WARN_INT_CONVERSION = YES;
				CLANG_WARN_NON_LITERAL_NULL_CONVERSION = YES;
				CLANG_WARN_OBJC_IMPLICIT_RETAIN_SELF = YES;
				CLANG_WARN_OBJC_LITERAL_CONVERSION = YES;
				CLANG_WARN_OBJC_ROOT_CLASS = YES_ERROR;
				CLANG_WARN_QUOTED_INCLUDE_IN_FRAMEWORK_HEADER = YES;
				CLANG_WARN_RANGE_LOOP_ANALYSIS = YES;
				CLANG_WARN_STRICT_PROTOTYPES = YES;
				CLANG_WARN_SUSPICIOUS_MOVE = YES;
				CLANG_WARN_UNGUARDED_AVAILABILITY = YES_AGGRESSIVE;
				CLANG_WARN_UNREACHABLE_CODE = YES;
				CLANG_WARN__DUPLICATE_METHOD_MATCH = YES;
				COPY_PHASE_STRIP = NO;
				DEBUG_INFORMATION_FORMAT = "dwarf-with-dsym";
				ENABLE_NS_ASSERTIONS = NO;
				ENABLE_STRICT_OBJC_MSGSEND = YES;
				GCC_C_LANGUAGE_STANDARD = gnu11;
				GCC_NO_COMMON_BLOCKS = YES;
				GCC_WARN_64_TO_32_BIT_CONVERSION = YES;
				GCC_WARN_ABOUT_RETURN_TYPE = YES_ERROR;
				GCC_WARN_UNDECLARED_SELECTOR = YES;
				GCC_WARN_UNINITIALIZED_AUTOS = YES_AGGRESSIVE;
				GCC_WARN_UNUSED_FUNCTION = YES;
				GCC_WARN_UNUSED_VARIABLE = YES;
				IPHONEOS_DEPLOYMENT_TARGET = 14.3;
				MTL_ENABLE_DEBUG_INFO = NO;
				MTL_FAST_MATH = YES;
				SDKROOT = iphoneos;
				SWIFT_COMPILATION_MODE = wholemodule;
				SWIFT_OPTIMIZATION_LEVEL = "-O";
				VALIDATE_PRODUCT = YES;
			};
			name = Release;
		};
		FB98703325E17B57000CF44A /* Debug */ = {
			isa = XCBuildConfiguration;
			baseConfigurationReference = F22FE2B59E0499A1427D25D9 /* Pods-ARFlight.debug.xcconfig */;
			buildSettings = {
				ASSETCATALOG_COMPILER_APPICON_NAME = AppIcon;
				ASSETCATALOG_COMPILER_GLOBAL_ACCENT_COLOR_NAME = AccentColor;
				CODE_SIGN_STYLE = Automatic;
				INFOPLIST_FILE = ARFlight/Info.plist;
				LD_RUNPATH_SEARCH_PATHS = (
					"$(inherited)",
					"@executable_path/Frameworks",
				);
				PRODUCT_BUNDLE_IDENTIFIER = com.hassane.wandianga.ARFlight;
				PRODUCT_NAME = "$(TARGET_NAME)";
				SWIFT_VERSION = 5.0;
				TARGETED_DEVICE_FAMILY = "1,2";
			};
			name = Debug;
		};
		FB98703425E17B57000CF44A /* Release */ = {
			isa = XCBuildConfiguration;
			baseConfigurationReference = 04BE31A3303ED64ED8DF130C /* Pods-ARFlight.release.xcconfig */;
			buildSettings = {
				ASSETCATALOG_COMPILER_APPICON_NAME = AppIcon;
				ASSETCATALOG_COMPILER_GLOBAL_ACCENT_COLOR_NAME = AccentColor;
				CODE_SIGN_STYLE = Automatic;
				INFOPLIST_FILE = ARFlight/Info.plist;
				LD_RUNPATH_SEARCH_PATHS = (
					"$(inherited)",
					"@executable_path/Frameworks",
				);
				PRODUCT_BUNDLE_IDENTIFIER = com.hassane.wandianga.ARFlight;
				PRODUCT_NAME = "$(TARGET_NAME)";
				SWIFT_VERSION = 5.0;
				TARGETED_DEVICE_FAMILY = "1,2";
			};
			name = Release;
		};
		FB98703625E17B57000CF44A /* Debug */ = {
			isa = XCBuildConfiguration;
			baseConfigurationReference = A73F904F43C3B276888913F5 /* Pods-ARFlightTests.debug.xcconfig */;
			buildSettings = {
				ALWAYS_EMBED_SWIFT_STANDARD_LIBRARIES = YES;
				BUNDLE_LOADER = "$(TEST_HOST)";
				CODE_SIGN_STYLE = Automatic;
				INFOPLIST_FILE = ARFlightTests/Info.plist;
				IPHONEOS_DEPLOYMENT_TARGET = 14.3;
				LD_RUNPATH_SEARCH_PATHS = (
					"$(inherited)",
					"@executable_path/Frameworks",
					"@loader_path/Frameworks",
				);
				PRODUCT_BUNDLE_IDENTIFIER = com.hassane.wandianga.ARFlightTests;
				PRODUCT_NAME = "$(TARGET_NAME)";
				SWIFT_VERSION = 5.0;
				TARGETED_DEVICE_FAMILY = "1,2";
				TEST_HOST = "$(BUILT_PRODUCTS_DIR)/ARFlight.app/ARFlight";
			};
			name = Debug;
		};
		FB98703725E17B57000CF44A /* Release */ = {
			isa = XCBuildConfiguration;
			baseConfigurationReference = 9D5A33196C1890E6C98F8482 /* Pods-ARFlightTests.release.xcconfig */;
			buildSettings = {
				ALWAYS_EMBED_SWIFT_STANDARD_LIBRARIES = YES;
				BUNDLE_LOADER = "$(TEST_HOST)";
				CODE_SIGN_STYLE = Automatic;
				INFOPLIST_FILE = ARFlightTests/Info.plist;
				IPHONEOS_DEPLOYMENT_TARGET = 14.3;
				LD_RUNPATH_SEARCH_PATHS = (
					"$(inherited)",
					"@executable_path/Frameworks",
					"@loader_path/Frameworks",
				);
				PRODUCT_BUNDLE_IDENTIFIER = com.hassane.wandianga.ARFlightTests;
				PRODUCT_NAME = "$(TARGET_NAME)";
				SWIFT_VERSION = 5.0;
				TARGETED_DEVICE_FAMILY = "1,2";
				TEST_HOST = "$(BUILT_PRODUCTS_DIR)/ARFlight.app/ARFlight";
			};
			name = Release;
		};
		FB98703925E17B57000CF44A /* Debug */ = {
			isa = XCBuildConfiguration;
			baseConfigurationReference = B1079DDA915EAAE0CA662F2E /* Pods-ARFlight-ARFlightUITests.debug.xcconfig */;
			buildSettings = {
				ALWAYS_EMBED_SWIFT_STANDARD_LIBRARIES = YES;
				CODE_SIGN_STYLE = Automatic;
				INFOPLIST_FILE = ARFlightUITests/Info.plist;
				LD_RUNPATH_SEARCH_PATHS = (
					"$(inherited)",
					"@executable_path/Frameworks",
					"@loader_path/Frameworks",
				);
				PRODUCT_BUNDLE_IDENTIFIER = com.hassane.wandianga.ARFlightUITests;
				PRODUCT_NAME = "$(TARGET_NAME)";
				SWIFT_VERSION = 5.0;
				TARGETED_DEVICE_FAMILY = "1,2";
				TEST_TARGET_NAME = ARFlight;
			};
			name = Debug;
		};
		FB98703A25E17B57000CF44A /* Release */ = {
			isa = XCBuildConfiguration;
			baseConfigurationReference = DE7C804CFCC8F24299375150 /* Pods-ARFlight-ARFlightUITests.release.xcconfig */;
			buildSettings = {
				ALWAYS_EMBED_SWIFT_STANDARD_LIBRARIES = YES;
				CODE_SIGN_STYLE = Automatic;
				INFOPLIST_FILE = ARFlightUITests/Info.plist;
				LD_RUNPATH_SEARCH_PATHS = (
					"$(inherited)",
					"@executable_path/Frameworks",
					"@loader_path/Frameworks",
				);
				PRODUCT_BUNDLE_IDENTIFIER = com.hassane.wandianga.ARFlightUITests;
				PRODUCT_NAME = "$(TARGET_NAME)";
				SWIFT_VERSION = 5.0;
				TARGETED_DEVICE_FAMILY = "1,2";
				TEST_TARGET_NAME = ARFlight;
			};
			name = Release;
		};
/* End XCBuildConfiguration section */

/* Begin XCConfigurationList section */
		FB98700025E17B52000CF44A /* Build configuration list for PBXProject "ARFlight" */ = {
			isa = XCConfigurationList;
			buildConfigurations = (
				FB98703025E17B57000CF44A /* Debug */,
				FB98703125E17B57000CF44A /* Release */,
			);
			defaultConfigurationIsVisible = 0;
			defaultConfigurationName = Release;
		};
		FB98703225E17B57000CF44A /* Build configuration list for PBXNativeTarget "ARFlight" */ = {
			isa = XCConfigurationList;
			buildConfigurations = (
				FB98703325E17B57000CF44A /* Debug */,
				FB98703425E17B57000CF44A /* Release */,
			);
			defaultConfigurationIsVisible = 0;
			defaultConfigurationName = Release;
		};
		FB98703525E17B57000CF44A /* Build configuration list for PBXNativeTarget "ARFlightTests" */ = {
			isa = XCConfigurationList;
			buildConfigurations = (
				FB98703625E17B57000CF44A /* Debug */,
				FB98703725E17B57000CF44A /* Release */,
			);
			defaultConfigurationIsVisible = 0;
			defaultConfigurationName = Release;
		};
		FB98703825E17B57000CF44A /* Build configuration list for PBXNativeTarget "ARFlightUITests" */ = {
			isa = XCConfigurationList;
			buildConfigurations = (
				FB98703925E17B57000CF44A /* Debug */,
				FB98703A25E17B57000CF44A /* Release */,
			);
			defaultConfigurationIsVisible = 0;
			defaultConfigurationName = Release;
		};
/* End XCConfigurationList section */

/* Begin XCVersionGroup section */
		FB98701125E17B52000CF44A /* ARFlight.xcdatamodeld */ = {
			isa = XCVersionGroup;
			children = (
				FB98701225E17B52000CF44A /* ARFlight.xcdatamodel */,
			);
			currentVersion = FB98701225E17B52000CF44A /* ARFlight.xcdatamodel */;
			path = ARFlight.xcdatamodeld;
			sourceTree = "<group>";
			versionGroupType = wrapper.xcdatamodel;
		};
/* End XCVersionGroup section */
	};
	rootObject = FB986FFD25E17B52000CF44A /* Project object */;
}
